{
  "name": "@writetome51/public-array",
  "version": "4.1.1",
  "lockfileVersion": 1,
  "requires": true,
  "dependencies": {
    "@writetome51/adjacent-to-value-info-interface": {
      "version": "1.0.2",
      "resolved": "https://registry.npmjs.org/@writetome51/adjacent-to-value-info-interface/-/adjacent-to-value-info-interface-1.0.2.tgz",
      "integrity": "sha512-rjqcohcCvzKfwLN+jyE1hHu3gfg1vgfChHFkCDctISj1cyBZQScQ8+dkGlF5wkWpIdwAhHh6VOPcfu9cfNEZ2Q=="
    },
    "@writetome51/alphabetize": {
      "version": "1.0.5",
      "resolved": "https://registry.npmjs.org/@writetome51/alphabetize/-/alphabetize-1.0.5.tgz",
      "integrity": "sha512-jJQJToBTqfoZc0p9UjBod4F3VMQa/mByXVUn9L446IC6p6bhfDMieM3QJFY0JsLSgVUu14PcCI8mOVtw9Tcqdg==",
      "requires": {
        "basic-data-handling": "~1.0.15"
      }
    },
    "@writetome51/array-and-index-validation": {
      "version": "1.0.6",
      "resolved": "https://registry.npmjs.org/@writetome51/array-and-index-validation/-/array-and-index-validation-1.0.6.tgz",
      "integrity": "sha512-GE0M3uhRSV6MJwu8cnsHxj5wkEPZ7OWehvsOGAQ1roUeItorJl7yvHzjkUZMKQoOPRpictr6r0Kj6zgopGu0gQ==",
      "requires": {
        "basic-data-handling": "~1.0.15",
        "error-if-not-populated-array": "~1.0.1"
      }
    },
    "@writetome51/array-append-prepend": {
      "version": "1.0.5",
      "resolved": "https://registry.npmjs.org/@writetome51/array-append-prepend/-/array-append-prepend-1.0.5.tgz",
      "integrity": "sha512-AKOKTb+ZU0d8v4hOUIJ+6BDkG7Pm0ROaL0Hf5OGD/XKzT8kAbqzGu+i2N6Wfrn8cndJHPGpSPK1rX+vFipDI0A==",
      "requires": {
        "error-if-values-are-not-arrays": "~1.0.2"
      }
    },
    "@writetome51/array-get-adjacent-at": {
      "version": "1.0.4",
      "resolved": "https://registry.npmjs.org/@writetome51/array-get-adjacent-at/-/array-get-adjacent-at-1.0.4.tgz",
      "integrity": "sha512-VM6NPJ12Xkxlvc1m0pRIbDP9IjLCmZSUNdIE9WddLCL2o9XF/usgeBJ77znxzrGPg6QO2gL8VYpuJymRDDsN9Q==",
      "requires": {
        "error-if-array-too-short-to-meet-adjacent-items-request": "~1.0.1",
        "error-if-index-how-many-or-array-are-not-valid": "~1.0.0"
      }
    },
    "@writetome51/array-get-adjacent-to-value": {
      "version": "1.0.4",
      "resolved": "https://registry.npmjs.org/@writetome51/array-get-adjacent-to-value/-/array-get-adjacent-to-value-1.0.4.tgz",
      "integrity": "sha512-4J4afnIkEyeqXqL0Bx7cWPXfSkIXmLrXK47eRarfUquLkduo0d+av3jXDzSghyu7aCcu59se3mttUOHgSmx7tw==",
      "requires": {
        "@writetome51/adjacent-to-value-info-interface": "~1.0.2",
        "@writetome51/array-get-adjacent-at": "~1.0.4",
        "@writetome51/array-get-indexes": "~1.0.1",
        "basic-data-handling": "~1.0.15",
        "error-if-index-is-negative": "~1.0.0",
        "error-if-index-not-valid-after-offset-was-added": "~1.0.0"
      }
    },
    "@writetome51/array-get-all-after": {
      "version": "1.0.0",
      "resolved": "https://registry.npmjs.org/@writetome51/array-get-all-after/-/array-get-all-after-1.0.0.tgz",
      "integrity": "sha512-+UilN2z8u0fMRHDLlEsQ8wyKuGTvM9YxHKsjCGY1vyag/jCpoU7McUjSQIwCSngQS6gFljdvkQWqemLeOUK8cg==",
      "requires": {
        "@writetome51/array-get-all-before-after-index": "~1.0.3",
        "@writetome51/array-get-indexes": "~1.0.0"
      }
    },
    "@writetome51/array-get-all-before": {
      "version": "1.0.0",
      "resolved": "https://registry.npmjs.org/@writetome51/array-get-all-before/-/array-get-all-before-1.0.0.tgz",
      "integrity": "sha512-rm91UygvI5mrFNir6oSoGW4HqhSbNVSEZH95PMGqcOkbM4c7dUCmqnd4O1jo592LYBiuRh1f2UsnPyoBFUfU2A==",
      "requires": {
        "@writetome51/array-get-all-before-after-index": "~1.0.3",
        "@writetome51/array-get-indexes": "~1.0.0"
      }
    },
    "@writetome51/array-get-all-before-after-index": {
      "version": "1.0.4",
      "resolved": "https://registry.npmjs.org/@writetome51/array-get-all-before-after-index/-/array-get-all-before-after-index-1.0.4.tgz",
      "integrity": "sha512-2V4ZOahFxn9xL/j0pkCcQqjxqoD11z3X5pXgnh4sfyFEAQ44BP+alcydIVjRjZXgdjIu9n9R78ZyoQYYY3VIvg==",
      "requires": {
        "@writetome51/array-get-head-tail": "~1.0.5",
        "error-if-index-is-negative": "~1.0.0"
      }
    },
    "@writetome51/array-get-and-remove-adjacent-at": {
      "version": "1.0.5",
      "resolved": "https://registry.npmjs.org/@writetome51/array-get-and-remove-adjacent-at/-/array-get-and-remove-adjacent-at-1.0.5.tgz",
      "integrity": "sha512-LdgyGlIEqKi+KU+JZgaM8EgDSz168BvGQlXqBgyeAgx0RaFQV6P8cauPmZaMEPsIiUnVB+2u0aEFzVHLFEFYaA==",
      "requires": {
        "error-if-array-too-short-to-meet-adjacent-items-request": "~1.0.1",
        "error-if-index-how-many-or-array-are-not-valid": "~1.0.0"
      }
    },
    "@writetome51/array-get-and-remove-adjacent-to-value": {
      "version": "1.0.7",
      "resolved": "https://registry.npmjs.org/@writetome51/array-get-and-remove-adjacent-to-value/-/array-get-and-remove-adjacent-to-value-1.0.7.tgz",
      "integrity": "sha512-QZNFVZ0mS3ADuW3H1zV+aD7E0zMmYS4vW+WgGJs15dJ8mQIEdNMY8gaba86mWHlU5NkryO2vdLnFYScyCrrJKw==",
      "requires": {
        "@writetome51/adjacent-to-value-info-interface": "~1.0.2",
        "@writetome51/array-get-and-remove-adjacent-at": "~1.0.5",
        "@writetome51/array-get-indexes": "~1.0.1",
        "basic-data-handling": "~1.0.15",
        "error-if-index-is-negative": "~1.0.0",
        "error-if-index-not-valid-after-offset-was-added": "~1.0.0"
      }
    },
    "@writetome51/array-get-and-remove-all-after": {
      "version": "1.1.3",
      "resolved": "https://registry.npmjs.org/@writetome51/array-get-and-remove-all-after/-/array-get-and-remove-all-after-1.1.3.tgz",
      "integrity": "sha512-lXg4gbyS9MqQpXBWcC4tZrc5SijAe8XPWob6RDvvGZSVUJQ2ldGOEVyHDGFVwQ8F7aH4aR7gOZGu2FjOx6bDbg==",
      "requires": {
        "@writetome51/array-get-and-remove-all-before-or-after": "~2.0.1"
      }
    },
    "@writetome51/array-get-and-remove-all-before": {
      "version": "1.1.3",
      "resolved": "https://registry.npmjs.org/@writetome51/array-get-and-remove-all-before/-/array-get-and-remove-all-before-1.1.3.tgz",
      "integrity": "sha512-LLHW7njc3jyU6IMWTae1Vw92NBY5YR5cXI43mPIHHJwZir95KIPtqnNT8qc0RE3zNo8cUp0Tu8OblZ3Dbq3v3w==",
      "requires": {
        "@writetome51/array-get-and-remove-all-before-or-after": "~2.0.1"
      }
    },
    "@writetome51/array-get-and-remove-all-before-or-after": {
      "version": "2.0.1",
      "resolved": "https://registry.npmjs.org/@writetome51/array-get-and-remove-all-before-or-after/-/array-get-and-remove-all-before-or-after-2.0.1.tgz",
      "integrity": "sha512-WG6Gv7PAzP3YV++ehl1XrkPjtb3CW5oe+LmfLsDzgbeVv9+YWRg3qg9VUAc4AYsPycolmdP4fZ+F3u9Oskb4gw==",
      "requires": {
        "@writetome51/array-get-and-remove-adjacent-at": "~1.0.5",
        "@writetome51/array-get-indexes": "~1.0.1",
        "error-if-index-is-negative": "~1.0.0"
      }
    },
    "@writetome51/array-get-and-remove-between": {
      "version": "1.0.4",
      "resolved": "https://registry.npmjs.org/@writetome51/array-get-and-remove-between/-/array-get-and-remove-between-1.0.4.tgz",
      "integrity": "sha512-Eyp2GMyGnZGm/MNAaQ2tRUTvfTusTaSdJLJVXY8h200mEMRdGMFtnWMFFdn8nVyico3fvsMspSufnylYBS8q8Q==",
      "requires": {
        "@writetome51/array-get-and-remove-adjacent-at": "~1.0.4",
        "basic-data-handling": "~1.0.15"
      }
    },
    "@writetome51/array-get-and-remove-by-index": {
      "version": "1.0.3",
      "resolved": "https://registry.npmjs.org/@writetome51/array-get-and-remove-by-index/-/array-get-and-remove-by-index-1.0.3.tgz",
      "integrity": "sha512-P7h4dpOi916RdO5qcEcrnw6UjC0PM1iDYM2jZyHZigKac3nN6XwBZrFbMsWXKECz1Oz9y8f+HlGu+cPOBefbyA==",
      "requires": {
        "@writetome51/array-get-and-remove-adjacent-at": "~1.0.4"
      }
    },
    "@writetome51/array-get-and-remove-by-indexes": {
      "version": "1.0.4",
      "resolved": "https://registry.npmjs.org/@writetome51/array-get-and-remove-by-indexes/-/array-get-and-remove-by-indexes-1.0.4.tgz",
      "integrity": "sha512-TlqPRMWBzCdPhBhC/kA/c/F4MbFq/OBUJPGGJkz5XJsOJXloyj+Im0AGvKmL8wW2vVbBPyhGBGZr4db9yfSXyg==",
      "requires": {
        "@writetome51/array-get-and-remove-by-index": "~1.0.3",
        "@writetome51/array-get-copy": "~1.1.2",
        "@writetome51/array-remove-by-index": "~1.0.2",
        "@writetome51/array-remove-duplicates": "~1.1.2",
        "@writetome51/get-in-numeric-order": "~1.0.0",
        "@writetome51/set-array": "~1.0.2",
        "basic-data-handling": "~1.0.15",
        "error-if-index-not-valid": "~1.0.0"
      }
    },
    "@writetome51/array-get-and-remove-by-test": {
      "version": "1.0.0",
      "resolved": "https://registry.npmjs.org/@writetome51/array-get-and-remove-by-test/-/array-get-and-remove-by-test-1.0.0.tgz",
      "integrity": "sha512-XpkcheNTSmI/VWEsJzrqJVwQ7ZAGEsk2NxNiJdkGSqCyT04ullR46GuOpiREHs5buCLYorUWwAAHRN9zxCn5qg==",
      "requires": {
        "@writetome51/array-get-by-test": "~1.0.0",
        "@writetome51/array-remove-by-indexes": "~1.0.2",
        "@writetome51/get-array-from-property": "~1.1.1",
        "basic-data-handling": "~1.0.15",
        "value-index-pair-interface": "~1.0.1"
      }
    },
    "@writetome51/array-get-and-remove-duplicates": {
      "version": "1.0.5",
      "resolved": "https://registry.npmjs.org/@writetome51/array-get-and-remove-duplicates/-/array-get-and-remove-duplicates-1.0.5.tgz",
      "integrity": "sha512-kQLKfmb4bQ+7uLra5uHV3paps7NWDXLwg1Zs7T1O4+yT4xf2LnUuLVIN55IAO5gaEpPEkN2gty9GT+J2+NZqlA==",
      "requires": {
        "@writetome51/array-get-duplicates": "~1.1.2",
        "@writetome51/array-remove-all-of-first-of": "~1.0.6",
        "basic-data-handling": "~1.0.15",
        "error-if-not-populated-array": "~1.0.1"
      }
    },
    "@writetome51/array-get-and-remove-head-tail": {
      "version": "1.0.4",
      "resolved": "https://registry.npmjs.org/@writetome51/array-get-and-remove-head-tail/-/array-get-and-remove-head-tail-1.0.4.tgz",
      "integrity": "sha512-ciRhhtcfxEs1uQmW6WfRbq70rqvA2uXEWQURCGi8GJ1CNSGOMXxZN0FogzVa96uvozW3tnrxsnS8Kr8nBbvlig==",
      "requires": {
        "@writetome51/array-and-index-validation": "~1.0.6",
        "@writetome51/array-get-and-remove-adjacent-at": "~1.0.4",
        "basic-data-handling": "~1.0.15"
      }
    },
    "@writetome51/array-get-between": {
      "version": "1.0.3",
      "resolved": "https://registry.npmjs.org/@writetome51/array-get-between/-/array-get-between-1.0.3.tgz",
      "integrity": "sha512-Ua5Q7yyWUkcUuyYwA+GMCPRx7PxLe7ZvmqPP3uZzwLNwtSHc8Owm+/LFVPMerg35MQvo+OtpPuc7KVtevedHuw==",
      "requires": {
        "@writetome51/array-get-adjacent-at": "~1.0.3",
        "basic-data-handling": "~1.0.15"
      }
    },
    "@writetome51/array-get-by-index": {
      "version": "1.0.2",
      "resolved": "https://registry.npmjs.org/@writetome51/array-get-by-index/-/array-get-by-index-1.0.2.tgz",
      "integrity": "sha512-Cnzu3QxxfCMcdQtg2NObTICzaEDDr3I2jc8k6kA3QFKUtwkukgnhIqcunL6CnWS58pTgeGfnfCrGIfHNV/kYig==",
      "requires": {
        "@writetome51/array-and-index-validation": "~1.0.6"
      }
    },
    "@writetome51/array-get-by-indexes": {
      "version": "1.0.3",
      "resolved": "https://registry.npmjs.org/@writetome51/array-get-by-indexes/-/array-get-by-indexes-1.0.3.tgz",
      "integrity": "sha512-UIrhiORvTQMB3Xo8fBn71O53FTG7SCIbpy+bGtHEAT7E7itHhubNlZW6pU7Z+O/gOfW7QzsTeSuBfVjpxaLGRA==",
      "requires": {
        "@writetome51/array-get-by-index": "~1.0.2",
        "error-if-values-are-not-arrays": "~1.0.2"
      }
    },
    "@writetome51/array-get-by-test": {
      "version": "1.0.0",
      "resolved": "https://registry.npmjs.org/@writetome51/array-get-by-test/-/array-get-by-test-1.0.0.tgz",
      "integrity": "sha512-DPXJMHF4hvLpS9/xEWO2bPJsPRtfa4pc5ugFjxHksQ2f3x/Ena9ve5Utf/O2LIhYcgXM3jte44jc4v1cbCIAww==",
      "requires": {
        "basic-data-handling": "~1.0.15",
        "value-index-pair-interface": "~1.0.1"
      }
    },
    "@writetome51/array-get-copy": {
      "version": "1.1.2",
      "resolved": "https://registry.npmjs.org/@writetome51/array-get-copy/-/array-get-copy-1.1.2.tgz",
      "integrity": "sha512-4qBC/5VlNe22PK8Ec0rilDCo1Q0vzGxsEGMRgw3Jojft1E/39psIm5C4ecnaJtYCWqF+fc76I2Q1ZqTEoyXphQ==",
      "requires": {
        "@writetome51/array-get-merged-arrays": "~1.1.2",
        "basic-data-handling": "~1.0.15"
      }
    },
    "@writetome51/array-get-duplicates": {
      "version": "1.1.3",
      "resolved": "https://registry.npmjs.org/@writetome51/array-get-duplicates/-/array-get-duplicates-1.1.3.tgz",
      "integrity": "sha512-Zz17TmcLelDUES82ilBHhiSzB2iPNDD3R1FcVzdWbcgQuRUyaK/jkA/hR6f6B7iqjlSnomOwBeLZ6SLzmEDOXQ==",
      "requires": {
        "@writetome51/array-get-indexes": "~1.0.1",
        "@writetome51/array-get-unique-items": "~1.1.2"
      }
    },
    "@writetome51/array-get-head-tail": {
      "version": "1.0.5",
      "resolved": "https://registry.npmjs.org/@writetome51/array-get-head-tail/-/array-get-head-tail-1.0.5.tgz",
      "integrity": "sha512-canuxZ6ER0XkhXuHKC3KVLSNGrILlhlzQ3haPJZ7cOfLS6X40848849Wxf1oid7t3NTj+9S5Y+n6C78cXNLv6g==",
      "requires": {
        "@writetome51/array-get-adjacent-at": "~1.0.3"
      }
    },
    "@writetome51/array-get-indexes": {
      "version": "1.0.1",
      "resolved": "https://registry.npmjs.org/@writetome51/array-get-indexes/-/array-get-indexes-1.0.1.tgz",
      "integrity": "sha512-+PKLlc1H69DPmr05qa7HpJB0JEm+s0hGH/MzTtCbxUSCXWscaOQ8kVxFR5cIJKkjE2e/Q1weryoWML0db2+/Xw==",
      "requires": {
        "@writetome51/array-get-copy": "~1.1.2",
        "@writetome51/arrays-match": "~1.0.5",
        "basic-data-handling": "~1.0.15",
        "error-if-not-populated-array": "~1.0.1",
        "error-if-not-primitive-or-array": "~1.0.2",
        "error-if-values-are-not-arrays": "~1.0.2"
      }
    },
    "@writetome51/array-get-merged-arrays": {
      "version": "1.1.2",
      "resolved": "https://registry.npmjs.org/@writetome51/array-get-merged-arrays/-/array-get-merged-arrays-1.1.2.tgz",
      "integrity": "sha512-FBi1hLxhDXU2uNhMMaZwZD5uVownQ7EdfBkn0RljdkkfUsMB+PvIOpgx3uh2WYlZWWr8KMPAMPkatgT+uxdK8w==",
      "requires": {
        "basic-data-handling": "~1.0.15"
      }
    },
    "@writetome51/array-get-shuffled": {
      "version": "1.0.5",
      "resolved": "https://registry.npmjs.org/@writetome51/array-get-shuffled/-/array-get-shuffled-1.0.5.tgz",
      "integrity": "sha512-NECcZYGe3nMx+oRTda100kxsRbgRSc6q9Rrp2e6pK4g0XJmbr9mDKwomNRVirFiXfwqGrni2RH2gr3AzGBpsxg==",
      "requires": {
        "@writetome51/array-get-copy": "~1.1.2",
        "@writetome51/get-random-integer-s": "~1.0.4"
      }
    },
    "@writetome51/array-get-unique-items": {
      "version": "1.1.2",
      "resolved": "https://registry.npmjs.org/@writetome51/array-get-unique-items/-/array-get-unique-items-1.1.2.tgz",
      "integrity": "sha512-OkGirMlg3sOk6qBjSEW5a/K0ikc8kwulMN779Y/WK21Gz5CaaovUikczhvWOdKD9o2p3ieqrbYBdamuLKxh1fA==",
      "requires": {
        "@writetome51/array-has": "~1.0.7",
        "@writetome51/not": "~1.0.4",
        "basic-data-handling": "~1.0.15"
      }
    },
    "@writetome51/array-has": {
      "version": "1.0.7",
      "resolved": "https://registry.npmjs.org/@writetome51/array-has/-/array-has-1.0.7.tgz",
      "integrity": "sha512-T0sHKfLMvWGjKPo5KOceJsVKvo8sBCHHa/TmQZ3auuH74RCgt+hoEi5fBAIv5IXY5S76UXG8fvwPzFPiGP+flg==",
      "requires": {
        "@writetome51/array-get-adjacent-at": "~1.0.3",
        "@writetome51/array-get-indexes": "~1.0.0",
        "@writetome51/arrays-match": "~1.0.5",
        "basic-data-handling": "~1.0.15"
      }
    },
    "@writetome51/array-insert-at": {
      "version": "2.0.2",
      "resolved": "https://registry.npmjs.org/@writetome51/array-insert-at/-/array-insert-at-2.0.2.tgz",
      "integrity": "sha512-hBDBiP2mZT7KWfcMu4FT6bKq2sM5Mk6p5DQVTuja+iBSexYESObwG+KvnyLRQcRj69OdYSgX36wnGn8eP0Tqow==",
      "requires": {
        "@writetome51/array-and-index-validation": "~1.0.6",
        "error-if-values-are-not-arrays": "~1.0.2"
      }
    },
    "@writetome51/array-insert-middle": {
      "version": "1.0.4",
      "resolved": "https://registry.npmjs.org/@writetome51/array-insert-middle/-/array-insert-middle-1.0.4.tgz",
      "integrity": "sha512-1HTCiiArQUl0HgGH4vAyv5Tp4uwgT5/kTXt2WT3/vQPjzEk0jag8MjFHa5vrV1YoZhTRm+NWZYXD8Np0S3EFig==",
      "requires": {
        "@writetome51/array-and-index-validation": "~1.0.6",
        "@writetome51/get-rounded-up-down": "~1.0.9",
        "@writetome51/is-odd-is-even": "~1.0.2",
        "basic-data-handling": "~1.0.15",
        "error-if-values-are-not-arrays": "~1.0.2"
      }
    },
    "@writetome51/array-move-by-index": {
      "version": "1.0.1",
      "resolved": "https://registry.npmjs.org/@writetome51/array-move-by-index/-/array-move-by-index-1.0.1.tgz",
      "integrity": "sha512-MbgdHT7RkyK2QyxLxXTg3BEH74g2/fZ9YTLrdiY/+LlOuifOCYtChG+B13ceumGeJ/Q74H3afJPGD0S91PzaDQ==",
      "requires": {
        "@writetome51/array-and-index-validation": "~1.0.6",
        "@writetome51/array-get-and-remove-by-index": "~1.0.3",
        "@writetome51/array-insert-at": "~2.0.2"
      }
    },
    "@writetome51/array-remove-adjacent-at": {
      "version": "1.0.4",
      "resolved": "https://registry.npmjs.org/@writetome51/array-remove-adjacent-at/-/array-remove-adjacent-at-1.0.4.tgz",
      "integrity": "sha512-tXfH6cwDiOr4oXrcArlneENERkWtzceKOdb+ugqDSxcJ6ht09694LmvZkEuMMjszRcM+23cEdpfktSnAuZN0Kg==",
      "requires": {
        "@writetome51/array-get-and-remove-adjacent-at": "~1.0.4"
      }
    },
    "@writetome51/array-remove-adjacent-to-value": {
      "version": "1.0.3",
      "resolved": "https://registry.npmjs.org/@writetome51/array-remove-adjacent-to-value/-/array-remove-adjacent-to-value-1.0.3.tgz",
      "integrity": "sha512-HZWPQ9mkD8L8bW6pr0dt9iJ3dr7u4mKCqR/EAIWJdG6P9jqlZwQnNvUsTwqDyvtmM3BccB/cF5nkMEJwK3llfA==",
      "requires": {
        "@writetome51/adjacent-to-value-info-interface": "~1.0.2",
        "@writetome51/array-get-and-remove-adjacent-to-value": "~1.0.6"
      }
    },
    "@writetome51/array-remove-all-after": {
      "version": "1.0.0",
      "resolved": "https://registry.npmjs.org/@writetome51/array-remove-all-after/-/array-remove-all-after-1.0.0.tgz",
      "integrity": "sha512-saogKHbKSxu9N/n0nLFzackH9aVCAckWTIEDXWaxt64o21jlxyFnHUxzcz55go9Q5ouiBJ7pNfTEgdWrx32G3w==",
      "requires": {
        "@writetome51/array-get-and-remove-all-after": "~1.1.2"
      }
    },
    "@writetome51/array-remove-all-before": {
      "version": "1.0.0",
      "resolved": "https://registry.npmjs.org/@writetome51/array-remove-all-before/-/array-remove-all-before-1.0.0.tgz",
      "integrity": "sha512-RGX4mcvwwjJUEPPjOf9KaHWNQha7J2HunmgNEb7HVzVlkNe4HyXB/e2LdQ31GATdmaJwDnquS3zAir1iUm9KfQ==",
      "requires": {
        "@writetome51/array-get-and-remove-all-before": "~1.1.2"
      }
    },
    "@writetome51/array-remove-all-of-first-of": {
      "version": "1.0.6",
      "resolved": "https://registry.npmjs.org/@writetome51/array-remove-all-of-first-of/-/array-remove-all-of-first-of-1.0.6.tgz",
      "integrity": "sha512-jBq9Ddy/0QxX//1GXPKAx1zSGzALWuBOdB44S2w3BHlWZZH1/JJUKwRRXScs/IUR+TM+SNX8319rc/kOLsgguA==",
      "requires": {
        "@writetome51/array-get-indexes": "~1.0.0",
        "@writetome51/array-has": "~1.0.7",
        "@writetome51/array-remove-by-index": "~1.0.2",
        "error-if-not-populated-array": "~1.0.1"
      }
    },
    "@writetome51/array-remove-between": {
      "version": "1.0.3",
      "resolved": "https://registry.npmjs.org/@writetome51/array-remove-between/-/array-remove-between-1.0.3.tgz",
      "integrity": "sha512-TGwgOV5Uo24pVzYqAjCpA8vy1MchCYUXDa2Ne+Ve0DD92l3m6NCBMtLtAE003schMWhiHMvpmVCxu+GjvuFGUg==",
      "requires": {
        "@writetome51/array-get-and-remove-between": "~1.0.4"
      }
    },
    "@writetome51/array-remove-by-index": {
      "version": "1.0.2",
      "resolved": "https://registry.npmjs.org/@writetome51/array-remove-by-index/-/array-remove-by-index-1.0.2.tgz",
      "integrity": "sha512-IcdFycBUDUumKCMBoaY8TRD5VSWzYULvmscq2RkXYjWORbEtC+RDPrpwEXAzKDeABVttO48H2vw6LEW0RT6FKw==",
      "requires": {
        "@writetome51/array-get-and-remove-by-index": "~1.0.3"
      }
    },
    "@writetome51/array-remove-by-indexes": {
      "version": "1.0.2",
      "resolved": "https://registry.npmjs.org/@writetome51/array-remove-by-indexes/-/array-remove-by-indexes-1.0.2.tgz",
      "integrity": "sha512-X/Pd2E34E+VUlTwa/x8jCwyjqnb1eVuStgVic8uezZay5dTHX7laTlFrPAqjpFDqv7PIYrqOMAYz1oBKKjXgyA==",
      "requires": {
        "@writetome51/array-get-and-remove-by-indexes": "~1.0.3"
      }
    },
    "@writetome51/array-remove-by-test": {
      "version": "1.0.0",
      "resolved": "https://registry.npmjs.org/@writetome51/array-remove-by-test/-/array-remove-by-test-1.0.0.tgz",
      "integrity": "sha512-eJV40jnMY28Q3ru6dTMWHZWESEqI3db+KK3GQXU0Et9jNyycQNHkTlEKFuWp83HOx3BWIKKvR/Okb0TdMbojHw==",
      "requires": {
        "@writetome51/array-get-and-remove-by-test": "~1.0.0"
      }
    },
    "@writetome51/array-remove-duplicates": {
      "version": "1.1.2",
      "resolved": "https://registry.npmjs.org/@writetome51/array-remove-duplicates/-/array-remove-duplicates-1.1.2.tgz",
      "integrity": "sha512-OSrM7iWJSoZrVFSKQ5bS6TMdNuJIrck9R82jsBYM3FxoVAu/1VjjSVM3og0g5ApLeRFAqmSLiXTESQRHfzpOuw==",
      "requires": {
        "@writetome51/array-get-and-remove-duplicates": "~1.0.5"
      }
    },
    "@writetome51/array-remove-head-tail": {
      "version": "1.0.4",
      "resolved": "https://registry.npmjs.org/@writetome51/array-remove-head-tail/-/array-remove-head-tail-1.0.4.tgz",
      "integrity": "sha512-veJTsGPN3RQvXNwJd10Kit6Jd0MAFboB1v9dgfVR8R7HqhzlORWhY0XUi9iCaJ9/aB9XoPGyt91j3uhwzXPD/g==",
      "requires": {
        "@writetome51/array-get-and-remove-head-tail": "~1.0.4",
        "@writetome51/arrays-match": "~1.0.5"
      }
    },
    "@writetome51/array-replace-adjacent-at": {
      "version": "1.0.2",
      "resolved": "https://registry.npmjs.org/@writetome51/array-replace-adjacent-at/-/array-replace-adjacent-at-1.0.2.tgz",
      "integrity": "sha512-/OlT2dccrrwAH5RZjtYDewyvCIimGTzxP198QPz9DJLtC3UmSOBH1Avx8C+uJOpwLxCwTK8+O3iVci6tx58psA==",
      "requires": {
        "@writetome51/array-replace-adjacent-items": "~1.0.4",
        "basic-data-handling": "~1.0.15"
      }
    },
    "@writetome51/array-replace-adjacent-items": {
      "version": "1.0.4",
      "resolved": "https://registry.npmjs.org/@writetome51/array-replace-adjacent-items/-/array-replace-adjacent-items-1.0.4.tgz",
      "integrity": "sha512-rSCDCRd5txMGy0REe3AAHXiYcg7jN6VhAeq1VTH7te9bKBhQemNIfuY5nA7S90wAg9RuN9ABAdjKciYebk20cA==",
      "requires": {
        "@writetome51/array-and-index-validation": "~1.0.6",
        "basic-data-handling": "~1.0.15"
      }
    },
    "@writetome51/array-replace-adjacent-to-value": {
      "version": "1.1.2",
      "resolved": "https://registry.npmjs.org/@writetome51/array-replace-adjacent-to-value/-/array-replace-adjacent-to-value-1.1.2.tgz",
      "integrity": "sha512-nTn0VT24e95FJKqVwHxlOGKLyC7lOsLqMAVbau8zf5ypAkD4S13w/cS8e4wwV5je+Lv+yjfmNEjnwuvD8FQO/Q==",
      "requires": {
        "@writetome51/adjacent-to-value-info-interface": "~1.0.2",
        "@writetome51/array-and-index-validation": "~1.0.6",
        "@writetome51/array-get-indexes": "~1.0.0",
        "@writetome51/array-replace-adjacent-items": "~1.0.4",
        "basic-data-handling": "~1.0.15"
      }
    },
    "@writetome51/array-replace-at": {
      "version": "1.1.2",
      "resolved": "https://registry.npmjs.org/@writetome51/array-replace-at/-/array-replace-at-1.1.2.tgz",
      "integrity": "sha512-I1HOAGZOn37ZdmJL1CAiiP2RjZO4hQJ9EXgx5xsJOANLKl1auwk/toQAyGOpo0haIav7jeYggxA0XUG8eg1O5A==",
      "requires": {
        "@writetome51/array-replace-adjacent-items": "~1.0.4"
      }
    },
    "@writetome51/array-replace-between": {
      "version": "1.0.4",
      "resolved": "https://registry.npmjs.org/@writetome51/array-replace-between/-/array-replace-between-1.0.4.tgz",
      "integrity": "sha512-dxt0VL/I++579pwmX6UdG+S4wuWuxkD/3ijQX2QiEGvm7ypvZYj4PuOEoHWlq6XXPONpPIskjBOlgn+iTL9HoA==",
      "requires": {
        "@writetome51/array-replace-adjacent-items": "~1.0.4",
        "basic-data-handling": "~1.0.15"
      }
    },
    "@writetome51/array-replace-first-of-all-of": {
      "version": "1.1.3",
      "resolved": "https://registry.npmjs.org/@writetome51/array-replace-first-of-all-of/-/array-replace-first-of-all-of-1.1.3.tgz",
      "integrity": "sha512-j3ln9267PdxT9AfHEuJfEZzNd2uvVvDGJC6H7FjfuOHLDMnCL1Duy6k8lHv9b/EpjitX25SO7enp/Ek61ZZaIg==",
      "requires": {
        "@writetome51/array-and-index-validation": "~1.0.6",
        "@writetome51/array-get-indexes": "~1.0.0",
        "@writetome51/array-has": "~1.0.7",
        "@writetome51/array-replace-at": "~1.1.2",
        "@writetome51/arrays-match": "~1.0.5",
        "basic-data-handling": "~1.0.15",
        "error-if-not-populated-array": "~1.0.1"
      }
    },
    "@writetome51/array-starts-with-ends-with": {
      "version": "1.1.2",
      "resolved": "https://registry.npmjs.org/@writetome51/array-starts-with-ends-with/-/array-starts-with-ends-with-1.1.2.tgz",
      "integrity": "sha512-JzImr4vfPGEKx/4mGFh5wOmIqazdFEjHeM1cznWvn3JfjmQcsS11bECjTXYWqZfjGxflKLdMNVnAdLirQqCRvA==",
      "requires": {
        "@writetome51/array-and-index-validation": "~1.0.6",
        "@writetome51/array-get-head-tail": "~1.0.5",
        "@writetome51/arrays-match": "~1.0.5",
        "basic-data-handling": "~1.0.15"
      }
    },
    "@writetome51/arrays-match": {
      "version": "1.0.5",
      "resolved": "https://registry.npmjs.org/@writetome51/arrays-match/-/arrays-match-1.0.5.tgz",
      "integrity": "sha512-hg5i3N8g2ChvaLEh2n7H4iaLeiCgRzd+JzqH/Zwx0t06JA5HsHZ6XheJe4UgAFVBrLvJiBiof6IqgPrzyRz/Aw==",
      "requires": {
        "basic-data-handling": "~1.0.15",
        "error-if-values-are-not-arrays": "~1.0.2"
      }
    },
    "@writetome51/base-class": {
      "version": "0.0.3",
      "resolved": "https://registry.npmjs.org/@writetome51/base-class/-/base-class-0.0.3.tgz",
      "integrity": "sha512-Z8WEg7FHtCq32gs55+CCRs4Vq9kOjLuDytzIjfgaYjNhOqjx2wI2sCD7c7x4qOuQ02yUmjilr2HN/nopjax2UA=="
    },
    "@writetome51/get-array-from-property": {
      "version": "1.1.1",
      "resolved": "https://registry.npmjs.org/@writetome51/get-array-from-property/-/get-array-from-property-1.1.1.tgz",
      "integrity": "sha512-3KefvrpCrAwGbOlytOl+mp2q6OSyYVEyIDT7Q6jEREtQ8MQ3dNP28pN6zoX7yxAwjubO1+XYs65o3jH/DxDQtw==",
      "requires": {
        "@writetome51/get-property": "~1.0.2",
        "error-if-not-populated-array": "~1.0.1"
      }
    },
    "@writetome51/get-in-ascending-order": {
      "version": "1.0.6",
      "resolved": "https://registry.npmjs.org/@writetome51/get-in-ascending-order/-/get-in-ascending-order-1.0.6.tgz",
      "integrity": "sha512-duqkl41GugdQyToT4ZHUFK5qyN4kix42i2Payhamh2SAAPSvzcIb12k0hMPZH0kISFpNoxLvOgjD3zYExSkZDw==",
      "requires": {
        "@writetome51/array-get-copy": "~1.1.2",
        "@writetome51/array-get-merged-arrays": "~1.1.2",
        "@writetome51/get-sum-average-product": "~1.0.5",
        "@writetome51/in-ascending-order": "~1.0.2",
        "basic-data-handling": "~1.0.15"
      }
    },
    "@writetome51/get-in-numeric-order": {
      "version": "1.0.0",
      "resolved": "https://registry.npmjs.org/@writetome51/get-in-numeric-order/-/get-in-numeric-order-1.0.0.tgz",
      "integrity": "sha512-0ZRuBU/b38wRnK19buOSULTgn6G7qJymScsT7GTxxJjsH8pDu+ZLr0wZBFKInth+LMFcD3hiZQASSjkc5tFRnA==",
      "requires": {
        "@writetome51/array-get-copy": "~1.1.2",
        "@writetome51/array-get-merged-arrays": "~1.1.2",
        "@writetome51/get-sum-average-product": "~1.0.5",
        "@writetome51/in-numeric-order": "~1.0.0",
        "basic-data-handling": "~1.0.15"
      }
    },
    "@writetome51/get-left-of-decimal": {
      "version": "1.0.4",
      "resolved": "https://registry.npmjs.org/@writetome51/get-left-of-decimal/-/get-left-of-decimal-1.0.4.tgz",
      "integrity": "sha512-7JYs3MAGAfkC098odGFcaBSVduoXfgEZuq5/Jwvj7ED+ip5iwNHu30NFphZlAR/iY66+zeLi3uGlBTJCVwqong==",
      "requires": {
        "basic-data-handling": "~1.0.15"
      }
    },
    "@writetome51/get-property": {
      "version": "1.0.3",
      "resolved": "https://registry.npmjs.org/@writetome51/get-property/-/get-property-1.0.3.tgz",
      "integrity": "sha512-eD61gxmv2wuRSCf1X38j9gUZy6A1Z9AjAJEe1WzyC04b3ev/1PHAdcBPNunkKI470Bv6DJbWQf1Avieb4cPUoA==",
      "requires": {
        "basic-data-handling": "~2.0.0"
      },
      "dependencies": {
        "basic-data-handling": {
          "version": "2.0.0",
          "resolved": "https://registry.npmjs.org/basic-data-handling/-/basic-data-handling-2.0.0.tgz",
          "integrity": "sha512-OxGKvFBTAgLCWx4DjbyjPRuC0BxXMDNvJLRtW4N5VMJ3Qw8DU+3MzHCZd5yalsgM59NjFyv8W+mnbQbACuWIMg=="
        }
      }
    },
    "@writetome51/get-random-integer-s": {
      "version": "1.0.4",
      "resolved": "https://registry.npmjs.org/@writetome51/get-random-integer-s/-/get-random-integer-s-1.0.4.tgz",
      "integrity": "sha512-I9gwZNOUfpLVha6vj8hknylzCXmuCORtL4cJL6Rya7Iy7alZvrgJFs0F0KCuNY5NJ0quIi2kYwnRvWN58ZgI/Q==",
      "requires": {
        "@writetome51/get-rounded-up-down": "~1.0.9",
        "@writetome51/in-range": "~1.0.3",
        "basic-data-handling": "~1.0.15",
        "error-if-not-populated-array": "~1.0.1"
      }
    },
    "@writetome51/get-rounded-up-down": {
      "version": "1.0.9",
      "resolved": "https://registry.npmjs.org/@writetome51/get-rounded-up-down/-/get-rounded-up-down-1.0.9.tgz",
      "integrity": "sha512-4NV4xMOsF+PvZiNCdW/UJm+cM5hLTjLYKSlUcIbMauzHL6sgNdnfg678WuCWcxrOP2pLpz6riY4vJa0cgLOzQA==",
      "requires": {
        "@writetome51/get-left-of-decimal": "~1.0.4",
        "basic-data-handling": "~1.0.15"
      }
    },
    "@writetome51/get-sum-average-product": {
      "version": "1.0.5",
      "resolved": "https://registry.npmjs.org/@writetome51/get-sum-average-product/-/get-sum-average-product-1.0.5.tgz",
      "integrity": "sha512-+R714ufiUFym5P3C6/sJy2LYLAhSwC7Q9v3Vl4vO/nVvC0xW4daX+jCkYQ8jTU6HutTDvlfI8vqIfCiFoB2Ldw==",
      "requires": {
        "error-if-array-item-is-not-number": "~1.0.4",
        "error-if-not-populated-array": "~1.0.1"
      }
    },
    "@writetome51/in-ascending-order": {
      "version": "1.0.2",
      "resolved": "https://registry.npmjs.org/@writetome51/in-ascending-order/-/in-ascending-order-1.0.2.tgz",
      "integrity": "sha512-KJGsVogxYfu89Kzq0+go3yEqFF4pRKV2hDz9jlXQoE6hMOvrzjm29ed65RpjsR7T2TiZPEhLGyM8GCOHPamSNg==",
      "requires": {
        "error-if-array-item-is-not-number": "~1.0.4",
        "error-if-not-populated-array": "~1.0.1"
      }
    },
    "@writetome51/in-numeric-order": {
      "version": "1.0.0",
      "resolved": "https://registry.npmjs.org/@writetome51/in-numeric-order/-/in-numeric-order-1.0.0.tgz",
      "integrity": "sha512-eODBAu3Ypm3yXksHAI8mKAnDXcp45JP65QI4OrvSKnjiq5R0dhw/Kl55Mu98EuD4Ig2WKcmFflcbpBgpM790XA==",
      "requires": {
        "error-if-array-item-is-not-number": "~1.0.4",
        "error-if-not-populated-array": "~1.0.1"
      }
    },
    "@writetome51/in-range": {
      "version": "1.0.3",
      "resolved": "https://registry.npmjs.org/@writetome51/in-range/-/in-range-1.0.3.tgz",
      "integrity": "sha512-ec6cHmz0Km7RlBb6ya3y535p0gTLCTqycVw+IERiKgeIrNW+7X1rxSSsvOY1iXBFtRWpUx8yGGzEGE02o4sOBg==",
      "requires": {
        "basic-data-handling": "~1.0.15"
      }
    },
    "@writetome51/index-is-valid": {
      "version": "1.0.0",
      "resolved": "https://registry.npmjs.org/@writetome51/index-is-valid/-/index-is-valid-1.0.0.tgz",
      "integrity": "sha512-KNVGj8+XS/cWYlo9iG+miloPbR4NEESZ8G7NYsMBXt5cVoF7sSgyJBN4Z5XO9ypesSA4YdbfQYRp5H/2/yWBKw==",
      "requires": {
        "basic-data-handling": "~1.0.15"
      }
    },
    "@writetome51/is-odd-is-even": {
      "version": "1.0.2",
      "resolved": "https://registry.npmjs.org/@writetome51/is-odd-is-even/-/is-odd-is-even-1.0.2.tgz",
      "integrity": "sha512-0XHBKmxq2SoR0HLFDrnfFJ9N3w8paFq8tgnMFAmS/94Q7QanIZFu4wq52Hq+Mlh5F7pn2AnKqgAMib/xNpLV6Q==",
      "requires": {
        "basic-data-handling": "~1.0.15"
      }
    },
    "@writetome51/not": {
      "version": "1.0.5",
      "resolved": "https://registry.npmjs.org/@writetome51/not/-/not-1.0.5.tgz",
      "integrity": "sha512-aZWWAnbfb5zi0dkfUyiSQaC2Ag2LMbvWA6QzRLS0537XZ/DQOeUKUSsxIltZ9vFoPY8kPuCrS/30mC6+q/u81w=="
    },
    "@writetome51/public-array-container": {
      "version": "2.0.2",
      "resolved": "https://registry.npmjs.org/@writetome51/public-array-container/-/public-array-container-2.0.2.tgz",
      "integrity": "sha512-a6Ra0OAOlFG7KDbquXi02h4b9OzqTP6Uxww0wardhw1Zg22ul2bQOgJJQoD+1miEEk0U5HbpwnEsfTCImYUo9A==",
      "requires": {
        "@writetome51/base-class": "~0.0.3",
        "basic-data-handling": "~1.0.15",
        "public-data-container-interface": "~1.0.3"
      }
    },
    "@writetome51/public-array-content": {
      "version": "2.1.1",
      "resolved": "https://registry.npmjs.org/@writetome51/public-array-content/-/public-array-content-2.1.1.tgz",
      "integrity": "sha512-wLs2B6BZNF/nRr1LU07ikIF0WhiMnp/839cjnuDXlTW3ZHK8z9NuMw4YY8ggk1QIBODytXb+uce0VUfciKrHww==",
      "requires": {
        "@writetome51/array-append-prepend": "~1.0.5",
        "@writetome51/array-get-copy": "~1.1.2",
        "@writetome51/array-get-indexes": "~1.0.1",
        "@writetome51/array-has": "~1.0.7",
        "@writetome51/array-move-by-index": "~1.0.1",
        "@writetome51/array-starts-with-ends-with": "~1.1.2",
        "@writetome51/arrays-match": "~1.0.5",
        "@writetome51/public-array-container": "~2.0.2",
        "@writetome51/set-array": "~1.0.2",
        "basic-data-handling": "~1.0.15"
      }
    },
    "@writetome51/public-array-filter": {
      "version": "2.0.1",
      "resolved": "https://registry.npmjs.org/@writetome51/public-array-filter/-/public-array-filter-2.0.1.tgz",
      "integrity": "sha512-O+nhyVNVSz/70YkdhiKKqbUjHiw7GZkBzb2B+BcgC9cC8OwMIT2/YkCjFVGhjBaS7NaHZ2+w/E6OIq2JL04SRg==",
      "requires": {
        "@writetome51/array-get-by-test": "~1.0.0",
        "@writetome51/get-array-from-property": "~1.1.1",
        "@writetome51/public-array-container": "~2.0.2",
        "@writetome51/set-array": "~1.0.2",
        "basic-data-handling": "~1.0.15"
      }
    },
    "@writetome51/public-array-getter": {
      "version": "2.0.1",
      "resolved": "https://registry.npmjs.org/@writetome51/public-array-getter/-/public-array-getter-2.0.1.tgz",
      "integrity": "sha512-7xkm2e+1XHRRZqD9K2MmHHp9jD8KzzyVHeRIplLfuUzo32qt7gC86pK/5Orfi2Kxf188HoTptG8HE8qeewmgNg==",
      "requires": {
        "@writetome51/adjacent-to-value-info-interface": "~1.0.2",
        "@writetome51/array-get-adjacent-at": "~1.0.3",
        "@writetome51/array-get-adjacent-to-value": "~1.0.3",
        "@writetome51/array-get-all-after": "~1.0.0",
        "@writetome51/array-get-all-before": "~1.0.0",
        "@writetome51/array-get-between": "~1.0.3",
        "@writetome51/array-get-by-index": "~1.0.2",
        "@writetome51/array-get-by-indexes": "~1.0.3",
        "@writetome51/array-get-by-test": "~1.0.0",
        "@writetome51/array-get-copy": "~1.1.2",
        "@writetome51/array-get-duplicates": "~1.1.2",
        "@writetome51/array-get-head-tail": "~1.0.5",
        "@writetome51/array-get-shuffled": "~1.0.5",
        "@writetome51/array-get-unique-items": "~1.1.2",
        "@writetome51/public-array-container": "~2.0.2",
        "basic-data-handling": "~1.0.15",
        "value-index-pair-interface": "~1.0.1"
      }
    },
    "@writetome51/public-array-getter-converter": {
      "version": "2.0.2",
      "resolved": "https://registry.npmjs.org/@writetome51/public-array-getter-converter/-/public-array-getter-converter-2.0.2.tgz",
      "integrity": "sha512-J+fVsOyRMcQ5BmU0A57WEhJpBsDOBhdW9g+yyjiuVP4M/R3J2/+BRtqjcqnrOmAJyLqg1cQvyzapxBWA69UB5Q==",
      "requires": {
        "@writetome51/public-array-container": "~2.0.2",
        "basic-data-handling": "~1.0.15"
      }
    },
    "@writetome51/public-array-getter-remover": {
      "version": "2.0.1",
      "resolved": "https://registry.npmjs.org/@writetome51/public-array-getter-remover/-/public-array-getter-remover-2.0.1.tgz",
      "integrity": "sha512-wvVv+4hlm5STkG5SG4iYTJ/MYC3EXtIoFwOU2R7ICzL6tab6CNGKCba578LXD5x++IUiDeSPTaOFgmBVj3baMg==",
      "requires": {
        "@writetome51/adjacent-to-value-info-interface": "~1.0.2",
        "@writetome51/array-get-and-remove-adjacent-at": "~1.0.4",
        "@writetome51/array-get-and-remove-adjacent-to-value": "~1.0.6",
        "@writetome51/array-get-and-remove-all-after": "~1.1.2",
        "@writetome51/array-get-and-remove-all-before": "~1.1.2",
        "@writetome51/array-get-and-remove-between": "~1.0.4",
        "@writetome51/array-get-and-remove-by-index": "~1.0.3",
        "@writetome51/array-get-and-remove-by-indexes": "~1.0.3",
        "@writetome51/array-get-and-remove-by-test": "~1.0.0",
        "@writetome51/array-get-and-remove-duplicates": "~1.0.5",
        "@writetome51/array-get-and-remove-head-tail": "~1.0.4",
        "@writetome51/public-array-container": "~2.0.2",
        "basic-data-handling": "~1.0.15",
        "value-index-pair-interface": "~1.0.1"
      }
    },
    "@writetome51/public-array-inserter": {
      "version": "3.0.2",
      "resolved": "https://registry.npmjs.org/@writetome51/public-array-inserter/-/public-array-inserter-3.0.2.tgz",
      "integrity": "sha512-8lTscrAC+SJFnB35/1oeZrLVnYvpUTpliiHDtJkBcfHz8bqtBZETkd4gDbcDPa65fn116Em8oo16IbJAB/ADeg==",
      "requires": {
        "@writetome51/array-insert-at": "~2.0.2",
        "@writetome51/array-insert-middle": "~1.0.4",
        "@writetome51/public-array-container": "~2.0.2"
      }
    },
    "@writetome51/public-array-remover": {
      "version": "2.0.1",
      "resolved": "https://registry.npmjs.org/@writetome51/public-array-remover/-/public-array-remover-2.0.1.tgz",
      "integrity": "sha512-mihu1doD/cD+3ucI/901ilVjG3cLlftTrD8iNtDAWNEEra9QOC+xg/z8kycoxkLjEBC71jgbeFUwA0M4WHD8BQ==",
      "requires": {
        "@writetome51/adjacent-to-value-info-interface": "~1.0.2",
        "@writetome51/array-remove-adjacent-at": "~1.0.4",
        "@writetome51/array-remove-adjacent-to-value": "~1.0.3",
        "@writetome51/array-remove-all-after": "~1.0.0",
        "@writetome51/array-remove-all-before": "~1.0.0",
        "@writetome51/array-remove-all-of-first-of": "~1.0.6",
        "@writetome51/array-remove-between": "~1.0.3",
        "@writetome51/array-remove-by-index": "~1.0.2",
        "@writetome51/array-remove-by-indexes": "~1.0.2",
        "@writetome51/array-remove-by-test": "~1.0.0",
        "@writetome51/array-remove-duplicates": "~1.1.2",
        "@writetome51/array-remove-head-tail": "~1.0.4",
        "@writetome51/public-array-container": "~2.0.2",
        "basic-data-handling": "~1.0.15"
      }
    },
    "@writetome51/public-array-replacer": {
      "version": "2.0.1",
      "resolved": "https://registry.npmjs.org/@writetome51/public-array-replacer/-/public-array-replacer-2.0.1.tgz",
      "integrity": "sha512-j813nxaEetuMiNbEQEG2kmoeygfgN7CiHAUzvFaqdT10DM86jcplw3ItIhtOlwZVow+9kagpw08fgRvMBbgQvg==",
      "requires": {
        "@writetome51/adjacent-to-value-info-interface": "~1.0.2",
        "@writetome51/array-replace-adjacent-at": "~1.0.2",
        "@writetome51/array-replace-adjacent-to-value": "~1.1.2",
        "@writetome51/array-replace-at": "~1.1.2",
        "@writetome51/array-replace-between": "~1.0.4",
        "@writetome51/array-replace-first-of-all-of": "~1.1.3",
        "@writetome51/public-array-container": "~2.0.2",
        "basic-data-handling": "~1.0.15"
      }
    },
    "@writetome51/public-array-sorter": {
      "version": "2.0.1",
      "resolved": "https://registry.npmjs.org/@writetome51/public-array-sorter/-/public-array-sorter-2.0.1.tgz",
      "integrity": "sha512-L4adVjpJwadiDNTObi/fti05V19pY+TTBvoNE3EniS4S+578d+FOREI/kpjUYyZTNF3/j9H4XsLiVQVS244AuQ==",
      "requires": {
        "@writetome51/alphabetize": "~1.0.5",
        "@writetome51/array-get-shuffled": "~1.0.5",
        "@writetome51/get-in-ascending-order": "~1.0.6",
        "@writetome51/public-array-container": "~2.0.2",
        "@writetome51/set-array": "~1.0.2"
      }
    },
    "@writetome51/set-array": {
      "version": "1.0.2",
      "resolved": "https://registry.npmjs.org/@writetome51/set-array/-/set-array-1.0.2.tgz",
      "integrity": "sha512-+Q6sCvVmAqXQhj62Ldve2TpRuJQteN0VhNjBjv59Z9P47VB3jbSZBJlLcg0U+pTHsNhWNduN2KD85ynn5qWcKw==",
      "requires": {
        "error-if-values-are-not-arrays": "~1.0.2"
      }
    },
    "basic-data-handling": {
      "version": "1.0.15",
      "resolved": "https://registry.npmjs.org/basic-data-handling/-/basic-data-handling-1.0.15.tgz",
      "integrity": "sha512-HyXRwPTfhKacukW4mMJl+3IsFC+5NzMr9flzp+XBJhHol0eAZzLxYqP7w3Cme3cziKcshzoO7Zf/9C+bewJWpA=="
    },
    "error-if-array-item-is-not-number": {
      "version": "1.0.4",
      "resolved": "https://registry.npmjs.org/error-if-array-item-is-not-number/-/error-if-array-item-is-not-number-1.0.4.tgz",
      "integrity": "sha512-DuEEqU8PaUEjx2jsBUQYo6HwR+XH5bil0A8lz3kO5ZkJ36jS/ufOX8w4jiiOgdqpmq1pAmm/moRD6Bk5nedEDQ==",
      "requires": {
        "@writetome51/not": "~1.0.3",
        "basic-data-handling": "~1.0.13"
      }
    },
    "error-if-array-too-short-to-meet-adjacent-items-request": {
      "version": "1.0.1",
      "resolved": "https://registry.npmjs.org/error-if-array-too-short-to-meet-adjacent-items-request/-/error-if-array-too-short-to-meet-adjacent-items-request-1.0.1.tgz",
      "integrity": "sha512-mmZZM9/PhS1hrfCAHqNx5cSPdbMzph3nKL0AfpnOV1+NFrZW3Wy9ZvcB6CaDlnvjLcDru09RRUatp1RF8iVyMg=="
    },
    "error-if-index-how-many-or-array-are-not-valid": {
      "version": "1.0.0",
      "resolved": "https://registry.npmjs.org/error-if-index-how-many-or-array-are-not-valid/-/error-if-index-how-many-or-array-are-not-valid-1.0.0.tgz",
      "integrity": "sha512-wy7eh4MeDyrEgS/190lWLO5OH5pIzq10yDoFzf1zatzEI14Qlz92gqTNCcOKxcIsibxXtH2VB2ByRcyoQErW9g==",
      "requires": {
        "basic-data-handling": "~1.0.15",
        "error-if-index-not-valid": "~1.0.0"
      }
    },
    "error-if-index-is-negative": {
      "version": "1.0.0",
      "resolved": "https://registry.npmjs.org/error-if-index-is-negative/-/error-if-index-is-negative-1.0.0.tgz",
      "integrity": "sha512-7ZPcHRjXWpqWjU21F4Gth89EfJUrXGSPj8979QnFXqcbWg+FhPcElP8qbMzJweRuWVV95KipfWEb2Lx2OYU9iQ==",
      "requires": {
        "basic-data-handling": "~1.0.15"
      }
    },
    "error-if-index-not-valid": {
      "version": "1.0.0",
      "resolved": "https://registry.npmjs.org/error-if-index-not-valid/-/error-if-index-not-valid-1.0.0.tgz",
      "integrity": "sha512-jvm5tfD6XRd62V1UENmmmDpUefm7LfT5ksu5f+dbrRqDAZXZKK3KvqcHaIp78YhjZKUipAIZQSNKUpNQbY5Ktw==",
      "requires": {
        "@writetome51/index-is-valid": "~1.0.0"
      }
    },
    "error-if-index-not-valid-after-offset-was-added": {
      "version": "1.0.0",
      "resolved": "https://registry.npmjs.org/error-if-index-not-valid-after-offset-was-added/-/error-if-index-not-valid-after-offset-was-added-1.0.0.tgz",
      "integrity": "sha512-Sf5a+qm2oDEeALHZoDiT9w0oguqEVeHx9x/mGtxdsDDY7OGp1ZK8M/OtrKeRHYX0Uu9dyAij72a1JOhZkGA8ig==",
      "requires": {
        "@writetome51/index-is-valid": "~1.0.0"
      }
    },
    "error-if-not-populated-array": {
      "version": "1.0.1",
      "resolved": "https://registry.npmjs.org/error-if-not-populated-array/-/error-if-not-populated-array-1.0.1.tgz",
      "integrity": "sha512-XKN0WUVUNrDOsB1PuBRQJ4/tVOeFceioLm+QPOpCkQaZlD9vVYZf+pRrFIoiqzVno7bx7AI2lNIfMWf7gRarvg==",
      "requires": {
        "basic-data-handling": "~1.0.13"
      }
    },
    "error-if-not-primitive-or-array": {
      "version": "1.0.2",
      "resolved": "https://registry.npmjs.org/error-if-not-primitive-or-array/-/error-if-not-primitive-or-array-1.0.2.tgz",
      "integrity": "sha512-ZLxU1JpC9YGZ8Jb0n4rkcqBzizhPs4IgUQFy558c2hrOR/gxgU/sTDsVvCj/PxA3NuNtkEbwNWgjbc84HCPNaQ==",
      "requires": {
        "basic-data-handling": "~1.0.15"
      }
    },
    "error-if-values-are-not-arrays": {
      "version": "1.0.2",
      "resolved": "https://registry.npmjs.org/error-if-values-are-not-arrays/-/error-if-values-are-not-arrays-1.0.2.tgz",
      "integrity": "sha512-HD4BW6LoQpF0aGVIW1UCsY8LLnB+19kGoYs2HaB8CcaBcGw0ed3XnwJTSb/sr8YqLFkhfFO5bsaFB8savUPKsw==",
      "requires": {
        "basic-data-handling": "~1.0.13"
      }
    },
    "public-data-container-interface": {
      "version": "1.0.3",
      "resolved": "https://registry.npmjs.org/public-data-container-interface/-/public-data-container-interface-1.0.3.tgz",
      "integrity": "sha512-/Ol+b7P3E/utnNkr/dwXZaVyYKt0/MnWiUxTCZmmLIjhfeMInR6Ki8sHgW7ESdUbQ3SyHZK5u03K1ifnUcxIIw=="
    },
    "value-index-pair-interface": {
      "version": "1.0.1",
      "resolved": "https://registry.npmjs.org/value-index-pair-interface/-/value-index-pair-interface-1.0.1.tgz",
      "integrity": "sha512-Vk3EU8nH9ZXR21pBvEAkVb+h1eRGWRuoVWlJyUMC1r+TVXHWmGmhl7hm6YgJSngR3zXvPCJHnPfqFvS6N80Axw=="
    }
  }
}
